// !$*UTF8*$!
{
	archiveVersion = 1;
	classes = {
	};
	objectVersion = 50;
	objects = {

/* Begin PBXBuildFile section */
		AA4274C323AC018800AE40B1 /* AppDelegate.swift in Sources */ = {isa = PBXBuildFile; fileRef = AA4274C223AC018800AE40B1 /* AppDelegate.swift */; };
		AA4274C723AC018800AE40B1 /* ViewController.swift in Sources */ = {isa = PBXBuildFile; fileRef = AA4274C623AC018800AE40B1 /* ViewController.swift */; };
		AA4274CA23AC018800AE40B1 /* Main.storyboard in Resources */ = {isa = PBXBuildFile; fileRef = AA4274C823AC018800AE40B1 /* Main.storyboard */; };
		AA4274CC23AC018900AE40B1 /* Assets.xcassets in Resources */ = {isa = PBXBuildFile; fileRef = AA4274CB23AC018900AE40B1 /* Assets.xcassets */; };
		AA4274CF23AC018900AE40B1 /* LaunchScreen.storyboard in Resources */ = {isa = PBXBuildFile; fileRef = AA4274CD23AC018900AE40B1 /* LaunchScreen.storyboard */; };
		AA4274D723AC021C00AE40B1 /* ViewModel.swift in Sources */ = {isa = PBXBuildFile; fileRef = AA4274D623AC021C00AE40B1 /* ViewModel.swift */; };
		AA4274DA23AC06D700AE40B1 /* PlayerView.swift in Sources */ = {isa = PBXBuildFile; fileRef = AA4274D923AC06D700AE40B1 /* PlayerView.swift */; };
/* End PBXBuildFile section */

/* Begin PBXFileReference section */
		AA4274BF23AC018800AE40B1 /* CaptionsExample.app */ = {isa = PBXFileReference; explicitFileType = wrapper.application; includeInIndex = 0; path = CaptionsExample.app; sourceTree = BUILT_PRODUCTS_DIR; };
		AA4274C223AC018800AE40B1 /* AppDelegate.swift */ = {isa = PBXFileReference; lastKnownFileType = sourcecode.swift; path = AppDelegate.swift; sourceTree = "<group>"; };
		AA4274C623AC018800AE40B1 /* ViewController.swift */ = {isa = PBXFileReference; lastKnownFileType = sourcecode.swift; path = ViewController.swift; sourceTree = "<group>"; };
		AA4274C923AC018800AE40B1 /* Base */ = {isa = PBXFileReference; lastKnownFileType = file.storyboard; name = Base; path = Base.lproj/Main.storyboard; sourceTree = "<group>"; };
		AA4274CB23AC018900AE40B1 /* Assets.xcassets */ = {isa = PBXFileReference; lastKnownFileType = folder.assetcatalog; path = Assets.xcassets; sourceTree = "<group>"; };
		AA4274CE23AC018900AE40B1 /* Base */ = {isa = PBXFileReference; lastKnownFileType = file.storyboard; name = Base; path = Base.lproj/LaunchScreen.storyboard; sourceTree = "<group>"; };
		AA4274D023AC018900AE40B1 /* Info.plist */ = {isa = PBXFileReference; lastKnownFileType = text.plist.xml; path = Info.plist; sourceTree = "<group>"; };
		AA4274D623AC021C00AE40B1 /* ViewModel.swift */ = {isa = PBXFileReference; lastKnownFileType = sourcecode.swift; path = ViewModel.swift; sourceTree = "<group>"; };
		AA4274D923AC06D700AE40B1 /* PlayerView.swift */ = {isa = PBXFileReference; lastKnownFileType = sourcecode.swift; path = PlayerView.swift; sourceTree = "<group>"; };
/* End PBXFileReference section */

/* Begin PBXFrameworksBuildPhase section */
		AA4274BC23AC018800AE40B1 /* Frameworks */ = {
			isa = PBXFrameworksBuildPhase;
			buildActionMask = 2147483647;
			files = (
			);
			runOnlyForDeploymentPostprocessing = 0;
		};
/* End PBXFrameworksBuildPhase section */

/* Begin PBXGroup section */
		AA4274B623AC018700AE40B1 = {
			isa = PBXGroup;
			children = (
				AA4274C123AC018800AE40B1 /* CaptionsExample */,
				AA4274C023AC018800AE40B1 /* Products */,
			);
			sourceTree = "<group>";
		};
		AA4274C023AC018800AE40B1 /* Products */ = {
			isa = PBXGroup;
			children = (
				AA4274BF23AC018800AE40B1 /* CaptionsExample.app */,
			);
			name = Products;
			sourceTree = "<group>";
		};
		AA4274C123AC018800AE40B1 /* CaptionsExample */ = {
			isa = PBXGroup;
			children = (
				AA4274C623AC018800AE40B1 /* ViewController.swift */,
				AA4274D623AC021C00AE40B1 /* ViewModel.swift */,
				AA4274D923AC06D700AE40B1 /* PlayerView.swift */,
				AA4274C823AC018800AE40B1 /* Main.storyboard */,
				AA4274D823AC038600AE40B1 /* Supporting Files */,
			);
			path = CaptionsExample;
			sourceTree = "<group>";
		};
		AA4274D823AC038600AE40B1 /* Supporting Files */ = {
			isa = PBXGroup;
			children = (
				AA4274C223AC018800AE40B1 /* AppDelegate.swift */,
				AA4274CB23AC018900AE40B1 /* Assets.xcassets */,
				AA4274D023AC018900AE40B1 /* Info.plist */,
				AA4274CD23AC018900AE40B1 /* LaunchScreen.storyboard */,
			);
			name = "Supporting Files";
			sourceTree = "<group>";
		};
/* End PBXGroup section */

/* Begin PBXNativeTarget section */
		AA4274BE23AC018800AE40B1 /* CaptionsExample */ = {
			isa = PBXNativeTarget;
			buildConfigurationList = AA4274D323AC018900AE40B1 /* Build configuration list for PBXNativeTarget "CaptionsExample" */;
			buildPhases = (
				AA4274BB23AC018800AE40B1 /* Sources */,
				AA4274BC23AC018800AE40B1 /* Frameworks */,
				AA4274BD23AC018800AE40B1 /* Resources */,
			);
			buildRules = (
			);
			dependencies = (
			);
			name = CaptionsExample;
			productName = CaptionsExample;
			productReference = AA4274BF23AC018800AE40B1 /* CaptionsExample.app */;
			productType = "com.apple.product-type.application";
		};
/* End PBXNativeTarget section */

/* Begin PBXProject section */
		AA4274B723AC018700AE40B1 /* Project object */ = {
			isa = PBXProject;
			attributes = {
				LastSwiftUpdateCheck = 1130;
				LastUpgradeCheck = 1130;
				ORGANIZATIONNAME = Gabe;
				TargetAttributes = {
					AA4274BE23AC018800AE40B1 = {
						CreatedOnToolsVersion = 11.3;
					};
				};
			};
			buildConfigurationList = AA4274BA23AC018700AE40B1 /* Build configuration list for PBXProject "CaptionsExample" */;
			compatibilityVersion = "Xcode 9.3";
			developmentRegion = en;
			hasScannedForEncodings = 0;
			knownRegions = (
				en,
				Base,
			);
			mainGroup = AA4274B623AC018700AE40B1;
			productRefGroup = AA4274C023AC018800AE40B1 /* Products */;
			projectDirPath = "";
			projectRoot = "";
			targets = (
				AA4274BE23AC018800AE40B1 /* CaptionsExample */,
			);
		};
/* End PBXProject section */

/* Begin PBXResourcesBuildPhase section */
		AA4274BD23AC018800AE40B1 /* Resources */ = {
			isa = PBXResourcesBuildPhase;
			buildActionMask = 2147483647;
			files = (
				AA4274CF23AC018900AE40B1 /* LaunchScreen.storyboard in Resources */,
				AA4274CC23AC018900AE40B1 /* Assets.xcassets in Resources */,
				AA4274CA23AC018800AE40B1 /* Main.storyboard in Resources */,
			);
			runOnlyForDeploymentPostprocessing = 0;
		};
/* End PBXResourcesBuildPhase section */

/* Begin PBXSourcesBuildPhase section */
		AA4274BB23AC018800AE40B1 /* Sources */ = {
			isa = PBXSourcesBuildPhase;
			buildActionMask = 2147483647;
			files = (
				AA4274C723AC018800AE40B1 /* ViewController.swift in Sources */,
				AA4274D723AC021C00AE40B1 /* ViewModel.swift in Sources */,
				AA4274C323AC018800AE40B1 /* AppDelegate.swift in Sources */,
				AA4274DA23AC06D700AE40B1 /* PlayerView.swift in Sources */,
			);
			runOnlyForDeploymentPostprocessing = 0;
		};
/* End PBXSourcesBuildPhase section */

/* Begin PBXVariantGroup section */
		AA4274C823AC018800AE40B1 /* Main.storyboard */ = {
			isa = PBXVariantGroup;
			children = (
				AA4274C923AC018800AE40B1 /* Base */,
			);
			name = Main.storyboard;
			sourceTree = "<group>";
		};
		AA4274CD23AC018900AE40B1 /* LaunchScreen.storyboard */ = {
			isa = PBXVariantGroup;
			children = (
				AA4274CE23AC018900AE40B1 /* Base */,
			);
			name = LaunchScreen.storyboard;
			sourceTree = "<group>";
		};
/* End PBXVariantGroup section */

/* Begin XCBuildConfiguration section */
		AA4274D123AC018900AE40B1 /* Debug */ = {
			isa = XCBuildConfiguration;
			buildSettings = {
				ALWAYS_SEARCH_USER_PATHS = NO;
				CLANG_ANALYZER_NONNULL = YES;
				CLANG_ANALYZER_NUMBER_OBJECT_CONVERSION = YES_AGGRESSIVE;
				CLANG_CXX_LANGUAGE_STANDARD = "gnu++14";
				CLANG_CXX_LIBRARY = "libc++";
				CLANG_ENABLE_MODULES = YES;
				CLANG_ENABLE_OBJC_ARC = YES;
				CLANG_ENABLE_OBJC_WEAK = YES;
				CLANG_WARN_BLOCK_CAPTURE_AUTORELEASING = YES;
				CLANG_WARN_BOOL_CONVERSION = YES;
				CLANG_WARN_COMMA = YES;
				CLANG_WARN_CONSTANT_CONVERSION = YES;
				CLANG_WARN_DEPRECATED_OBJC_IMPLEMENTATIONS = YES;
				CLANG_WARN_DIRECT_OBJC_ISA_USAGE = YES_ERROR;
				CLANG_WARN_DOCUMENTATION_COMMENTS = YES;
				CLANG_WARN_EMPTY_BODY = YES;
				CLANG_WARN_ENUM_CONVERSION = YES;
				CLANG_WARN_INFINITE_RECURSION = YES;
				CLANG_WARN_INT_CONVERSION = YES;
				CLANG_WARN_NON_LITERAL_NULL_CONVERSION = YES;
				CLANG_WARN_OBJC_IMPLICIT_RETAIN_SELF = YES;
				CLANG_WARN_OBJC_LITERAL_CONVERSION = YES;
				CLANG_WARN_OBJC_ROOT_CLASS = YES_ERROR;
				CLANG_WARN_RANGE_LOOP_ANALYSIS = YES;
				CLANG_WARN_STRICT_PROTOTYPES = YES;
				CLANG_WARN_SUSPICIOUS_MOVE = YES;
				CLANG_WARN_UNGUARDED_AVAILABILITY = YES_AGGRESSIVE;
				CLANG_WARN_UNREACHABLE_CODE = YES;
				CLANG_WARN__DUPLICATE_METHOD_MATCH = YES;
				COPY_PHASE_STRIP = NO;
				DEBUG_INFORMATION_FORMAT = dwarf;
				ENABLE_STRICT_OBJC_MSGSEND = YES;
				ENABLE_TESTABILITY = YES;
				GCC_C_LANGUAGE_STANDARD = gnu11;
				GCC_DYNAMIC_NO_PIC = NO;
				GCC_NO_COMMON_BLOCKS = YES;
				GCC_OPTIMIZATION_LEVEL = 0;
				GCC_PREPROCESSOR_DEFINITIONS = (
					"DEBUG=1",
					"$(inherited)",
				);
				GCC_WARN_64_TO_32_BIT_CONVERSION = YES;
				GCC_WARN_ABOUT_RETURN_TYPE = YES_ERROR;
				GCC_WARN_UNDECLARED_SELECTOR = YES;
				GCC_WARN_UNINITIALIZED_AUTOS = YES_AGGRESSIVE;
				GCC_WARN_UNUSED_FUNCTION = YES;
				GCC_WARN_UNUSED_VARIABLE = YES;
				IPHONEOS_DEPLOYMENT_TARGET = 13.2;
				MTL_ENABLE_DEBUG_INFO = INCLUDE_SOURCE;
				MTL_FAST_MATH = YES;
				ONLY_ACTIVE_ARCH = YES;
				SDKROOT = iphoneos;
				SWIFT_ACTIVE_COMPILATION_CONDITIONS = DEBUG;
				SWIFT_OPTIMIZATION_LEVEL = "-Onone";
			};
			name = Debug;
		};
		AA4274D223AC018900AE40B1 /* Release */ = {
			isa = XCBuildConfiguration;
			buildSettings = {
				ALWAYS_SEARCH_USER_PATHS = NO;
				CLANG_ANALYZER_NONNULL = YES;
				CLANG_ANALYZER_NUMBER_OBJECT_CONVERSION = YES_AGGRESSIVE;
				CLANG_CXX_LANGUAGE_STANDARD = "gnu++14";
				CLANG_CXX_LIBRARY = "libc++";
				CLANG_ENABLE_MODULES = YES;
				CLANG_ENABLE_OBJC_ARC = YES;
				CLANG_ENABLE_OBJC_WEAK = YES;
				CLANG_WARN_BLOCK_CAPTURE_AUTORELEASING = YES;
				CLANG_WARN_BOOL_CONVERSION = YES;
				CLANG_WARN_COMMA = YES;
				CLANG_WARN_CONSTANT_CONVERSION = YES;
				CLANG_WARN_DEPRECATED_OBJC_IMPLEMENTATIONS = YES;
				CLANG_WARN_DIRECT_OBJC_ISA_USAGE = YES_ERROR;
				CLANG_WARN_DOCUMENTATION_COMMENTS = YES;
				CLANG_WARN_EMPTY_BODY = YES;
				CLANG_WARN_ENUM_CONVERSION = YES;
				CLANG_WARN_INFINITE_RECURSION = YES;
				CLANG_WARN_INT_CONVERSION = YES;
				CLANG_WARN_NON_LITERAL_NULL_CONVERSION = YES;
				CLANG_WARN_OBJC_IMPLICIT_RETAIN_SELF = YES;
				CLANG_WARN_OBJC_LITERAL_CONVERSION = YES;
				CLANG_WARN_OBJC_ROOT_CLASS = YES_ERROR;
				CLANG_WARN_RANGE_LOOP_ANALYSIS = YES;
				CLANG_WARN_STRICT_PROTOTYPES = YES;
				CLANG_WARN_SUSPICIOUS_MOVE = YES;
				CLANG_WARN_UNGUARDED_AVAILABILITY = YES_AGGRESSIVE;
				CLANG_WARN_UNREACHABLE_CODE = YES;
				CLANG_WARN__DUPLICATE_METHOD_MATCH = YES;
				COPY_PHASE_STRIP = NO;
				DEBUG_INFORMATION_FORMAT = "dwarf-with-dsym";
				ENABLE_NS_ASSERTIONS = NO;
				ENABLE_STRICT_OBJC_MSGSEND = YES;
				GCC_C_LANGUAGE_STANDARD = gnu11;
				GCC_NO_COMMON_BLOCKS = YES;
				GCC_WARN_64_TO_32_BIT_CONVERSION = YES;
				GCC_WARN_ABOUT_RETURN_TYPE = YES_ERROR;
				GCC_WARN_UNDECLARED_SELECTOR = YES;
				GCC_WARN_UNINITIALIZED_AUTOS = YES_AGGRESSIVE;
				GCC_WARN_UNUSED_FUNCTION = YES;
				GCC_WARN_UNUSED_VARIABLE = YES;
				IPHONEOS_DEPLOYMENT_TARGET = 13.2;
				MTL_ENABLE_DEBUG_INFO = NO;
				MTL_FAST_MATH = YES;
				SDKROOT = iphoneos;
				SWIFT_COMPILATION_MODE = wholemodule;
				SWIFT_OPTIMIZATION_LEVEL = "-O";
				VALIDATE_PRODUCT = YES;
			};
			name = Release;
		};
		AA4274D423AC018900AE40B1 /* Debug */ = {
			isa = XCBuildConfiguration;
			buildSettings = {
				ASSETCATALOG_COMPILER_APPICON_NAME = AppIcon;
				CODE_SIGN_STYLE = Automatic;
				INFOPLIST_FILE = CaptionsExample/Info.plist;
				IPHONEOS_DEPLOYMENT_TARGET = 11.0;
				LD_RUNPATH_SEARCH_PATHS = (
					"$(inherited)",
					"@executable_path/Frameworks",
				);
				PRODUCT_BUNDLE_IDENTIFIER = com.gabe.CaptionsExample;
				PRODUCT_NAME = "$(TARGET_NAME)";
				SWIFT_VERSION = 5.0;
				TARGETED_DEVICE_FAMILY = "1,2";
			};
			name = Debug;
		};
		AA4274D523AC018900AE40B1 /* Release */ = {
			isa = XCBuildConfiguration;
			buildSettings = {
				ASSETCATALOG_COMPILER_APPICON_NAME = AppIcon;
				CODE_SIGN_STYLE = Automatic;
				INFOPLIST_FILE = CaptionsExample/Info.plist;
				IPHONEOS_DEPLOYMENT_TARGET = 11.0;
				LD_RUNPATH_SEARCH_PATHS = (
					"$(inherited)",
					"@executable_path/Frameworks",
				);
				PRODUCT_BUNDLE_IDENTIFIER = com.gabe.CaptionsExample;
				PRODUCT_NAME = "$(TARGET_NAME)";
				SWIFT_VERSION = 5.0;
				TARGETED_DEVICE_FAMILY = "1,2";
			};
			name = Release;
		};
/* End XCBuildConfiguration section */

/* Begin XCConfigurationList section */
		AA4274BA23AC018700AE40B1 /* Build configuration list for PBXProject "CaptionsExample" */ = {
			isa = XCConfigurationList;
			buildConfigurations = (
				AA4274D123AC018900AE40B1 /* Debug */,
				AA4274D223AC018900AE40B1 /* Release */,
			);
			defaultConfigurationIsVisible = 0;
			defaultConfigurationName = Release;
		};
		AA4274D323AC018900AE40B1 /* Build configuration list for PBXNativeTarget "CaptionsExample" */ = {
			isa = XCConfigurationList;
			buildConfigurations = (
				AA4274D423AC018900AE40B1 /* Debug */,
				AA4274D523AC018900AE40B1 /* Release */,
			);
			defaultConfigurationIsVisible = 0;
			defaultConfigurationName = Release;
		};
/* End XCConfigurationList section */
	};
	rootObject = AA4274B723AC018700AE40B1 /* Project object */;
}
